
Microsoft Visual Studio Solution File, Format Version 12.00
Project("{FAE04EC0-301F-11D3-BF4B-00C04F79EFBC}") = "Server", "Server\Server.csproj", "{43A88FD0-2758-49CE-AC2E-B9A61A5DB756}"
	ProjectSection(ProjectDependencies) = postProject
		{993C4C46-9352-49D0-A272-552BB9368D2B} = {993C4C46-9352-49D0-A272-552BB9368D2B}
	EndProjectSection
EndProject
Project("{FAE04EC0-301F-11D3-BF4B-00C04F79EFBC}") = "Client", "Client\Client.csproj", "{1508A163-5F50-41D7-B652-E6C20A0E7B05}"
	ProjectSection(ProjectDependencies) = postProject
		{993C4C46-9352-49D0-A272-552BB9368D2B} = {993C4C46-9352-49D0-A272-552BB9368D2B}
	EndProjectSection
EndProject
Project("{FAE04EC0-301F-11D3-BF4B-00C04F79EFBC}") = "Common", "Common\Common.csproj", "{993C4C46-9352-49D0-A272-552BB9368D2B}"
EndProject
Project("{FAE04EC0-301F-11D3-BF4B-00C04F79EFBC}") = "Test", "Test\Test.csproj", "{1311D91E-2684-44B0-9CC7-991320913091}"
EndProject
Global
	GlobalSection(SolutionConfigurationPlatforms) = preSolution
		Debug|Any CPU = Debug|Any CPU
		Release|Any CPU = Release|Any CPU
	EndGlobalSection
	GlobalSection(ProjectConfigurationPlatforms) = postSolution
		{43A88FD0-2758-49CE-AC2E-B9A61A5DB756}.Debug|Any CPU.ActiveCfg = Debug|Any CPU
		{43A88FD0-2758-49CE-AC2E-B9A61A5DB756}.Debug|Any CPU.Build.0 = Debug|Any CPU
		{43A88FD0-2758-49CE-AC2E-B9A61A5DB756}.Release|Any CPU.ActiveCfg = Release|Any CPU
		{43A88FD0-2758-49CE-AC2E-B9A61A5DB756}.Release|Any CPU.Build.0 = Release|Any CPU
		{1508A163-5F50-41D7-B652-E6C20A0E7B05}.Debug|Any CPU.ActiveCfg = Debug|Any CPU
		{1508A163-5F50-41D7-B652-E6C20A0E7B05}.Debug|Any CPU.Build.0 = Debug|Any CPU
		{1508A163-5F50-41D7-B652-E6C20A0E7B05}.Release|Any CPU.ActiveCfg = Release|Any CPU
		{1508A163-5F50-41D7-B652-E6C20A0E7B05}.Release|Any CPU.Build.0 = Release|Any CPU
		{993C4C46-9352-49D0-A272-552BB9368D2B}.Debug|Any CPU.ActiveCfg = Debug|Any CPU
		{993C4C46-9352-49D0-A272-552BB9368D2B}.Debug|Any CPU.Build.0 = Debug|Any CPU
		{993C4C46-9352-49D0-A272-552BB9368D2B}.Release|Any CPU.ActiveCfg = Release|Any CPU
		{993C4C46-9352-49D0-A272-552BB9368D2B}.Release|Any CPU.Build.0 = Release|Any CPU
		{1311D91E-2684-44B0-9CC7-991320913091}.Debug|Any CPU.ActiveCfg = Debug|Any CPU
		{1311D91E-2684-44B0-9CC7-991320913091}.Debug|Any CPU.Build.0 = Debug|Any CPU
		{1311D91E-2684-44B0-9CC7-991320913091}.Release|Any CPU.ActiveCfg = Release|Any CPU
		{1311D91E-2684-44B0-9CC7-991320913091}.Release|Any CPU.Build.0 = Release|Any CPU
	EndGlobalSection
EndGlobal
